hash: 4785ac03f5da34e55f98edc54e25ff61044a8dd5b17a5b4db208f798ffd45b75
updated: 2016-01-19T20:23:11.396194467+01:00
imports:
- name: github.com/camlistore/lock
  version: ae27720f340952636b826119b58130b9c1a847a0
  repo: https://github.com/camlistore/lock
- name: github.com/codegangsta/negroni
  version: c7477ad8e330bef55bf1ebe300cf8aa67c492d1b
- name: github.com/cznic/b
  version: 01b13d79526a9ce9aa2c6e11d6bd4540205e4c03
  repo: https://github.com/cznic/b
- name: github.com/cznic/bufs
  version: 3dcccbd7064a1689f9c093a988ea11ac00e21f51
  repo: https://github.com/cznic/bufs
- name: github.com/cznic/exp
  version: c21cce1fce3e6e5bc84854aa3d02a808de44229b
  repo: https://github.com/cznic/exp
- name: github.com/cznic/fileutil
  version: 1c9c88fbf552b3737c7b97e1f243860359687976
  repo: https://github.com/cznic/fileutil
- name: github.com/cznic/mathutil
  version: 38a5fe05cd94d69433fd1c928417834c604f281d
  repo: https://github.com/cznic/mathutil
- name: github.com/cznic/ql
  version: aeaeb4334c8cf0666173d53fd7a6cbc368aeafbf
  repo: https://github.com/cznic/ql
- name: github.com/cznic/sortutil
  version: 4c7342852e65c2088c981288f2c5610d10b9f7f4
  repo: https://github.com/cznic/sortutil
- name: github.com/cznic/strutil
  version: 1eb03e3cc9d345307a45ec82bd3016cde4bd4464
  repo: https://github.com/cznic/strutil
- name: github.com/cznic/zappy
  version: 47331054e4f96186e3ff772877c0443909368a45
  repo: https://github.com/cznic/zappy
- name: github.com/go-sql-driver/mysql
  version: 72ea5d0b32a04c67710bf63e97095d82aea5f352
- name: github.com/jmoiron/sqlx
  version: 5978a4ef08e4ddae6983d82b9166353fe21c6600
- name: github.com/julienschmidt/httprouter
  version: 21439ef4d70ba4f3e2a5ed9249e7b03af4019b40
- name: github.com/lib/pq
  version: 8ad2b298cadd691a77015666a5372eae5dbfac8f
- name: github.com/mattn/go-sqlite3
  version: 5510da399572b4962c020184bb291120c0a412e2
- name: github.com/remyoudompheng/bigfft
  version: a8e77ddfb93284b9d58881f597c820a2875af336
  repo: https://github.com/remyoudompheng/bigfft
- name: github.com/unrolled/render
  version: 40a2dfa24398d37b4a14938442a0f4fe4307b929
- name: gopkg.in/mgo.v2
  version: 03c9f3ee4c14c8e51ee521a6a7d0425658dd6f64
  repo: https://gopkg.in/mgo.v2
- name: gopkg.in/tomb.v2
  version: 14b3d72120e8d10ea6e6b7f87f7175734b1faab8
  repo: https://gopkg.in/tomb.v2
- name: upper.io/db
  version: 12c92ea991db170285b9b833b2d2be53cf80157e
  subpackages:
  - sqlite
- name: upper.io/db.v2
  version: 12c92ea991db170285b9b833b2d2be53cf80157e
devImports: []
